
Microsoft Visual Studio Solution File, Format Version 12.00
# Visual Studio Version 17
VisualStudioVersion = 17.0.33801.228
MinimumVisualStudioVersion = 10.0.40219.1
Project("{54A90642-561A-4BB1-A94E-469ADEE60C69}") = "WBMES", "wbmes\WBMES.esproj", "{CD943C6F-3BE0-4066-985A-86DB9BF5A830}"
EndProject
Project("{2150E333-8FDC-42A3-9474-1A3956D46DE8}") = "Solution Items", "Solution Items", "{1D43BD65-4A36-496F-BFF1-237B8DAC2496}"
	ProjectSection(SolutionItems) = preProject
		.gitignore = .gitignore
		readme.md = readme.md
		wbmes\tsconfig.json = wbmes\tsconfig.json
	EndProjectSection
EndProject
Project("{FAE04EC0-301F-11D3-BF4B-00C04F79EFBC}") = "docs", "docs\docs.csproj", "{9C71F961-FB03-41BA-B8F6-283FE3096CAC}"
EndProject
Global
	GlobalSection(SolutionConfigurationPlatforms) = preSolution
		Debug|Any CPU = Debug|Any CPU
		Release|Any CPU = Release|Any CPU
	EndGlobalSection
	GlobalSection(ProjectConfigurationPlatforms) = postSolution
		{CD943C6F-3BE0-4066-985A-86DB9BF5A830}.Debug|Any CPU.ActiveCfg = Debug|Any CPU
		{CD943C6F-3BE0-4066-985A-86DB9BF5A830}.Debug|Any CPU.Build.0 = Debug|Any CPU
		{CD943C6F-3BE0-4066-985A-86DB9BF5A830}.Debug|Any CPU.Deploy.0 = Debug|Any CPU
		{CD943C6F-3BE0-4066-985A-86DB9BF5A830}.Release|Any CPU.ActiveCfg = Release|Any CPU
		{CD943C6F-3BE0-4066-985A-86DB9BF5A830}.Release|Any CPU.Build.0 = Release|Any CPU
		{CD943C6F-3BE0-4066-985A-86DB9BF5A830}.Release|Any CPU.Deploy.0 = Release|Any CPU
		{9C71F961-FB03-41BA-B8F6-283FE3096CAC}.Debug|Any CPU.ActiveCfg = Debug|Any CPU
		{9C71F961-FB03-41BA-B8F6-283FE3096CAC}.Release|Any CPU.ActiveCfg = Release|Any CPU
	EndGlobalSection
	GlobalSection(SolutionProperties) = preSolution
		HideSolutionNode = FALSE
	EndGlobalSection
	GlobalSection(ExtensibilityGlobals) = postSolution
		SolutionGuid = {E2A7A04F-79AA-4DDB-972C-2DE1577A8130}
	EndGlobalSection
EndGlobal
